
Microsoft Visual Studio Solution File, Format Version 12.00
# Visual Studio Version 16
VisualStudioVersion = 16.0.30320.27
MinimumVisualStudioVersion = 10.0.40219.1
Project("{FAE04EC0-301F-11D3-BF4B-00C04F79EFBC}") = "GameInheritance", "GameInheritance.csproj", "{96AD6C3A-F1A0-47A3-87B2-85CA52D2A62D}"
EndProject
Global
	GlobalSection(SolutionConfigurationPlatforms) = preSolution
		Debug|Any CPU = Debug|Any CPU
		Release|Any CPU = Release|Any CPU
	EndGlobalSection
	GlobalSection(ProjectConfigurationPlatforms) = postSolution
		{96AD6C3A-F1A0-47A3-87B2-85CA52D2A62D}.Debug|Any CPU.ActiveCfg = Debug|Any CPU
		{96AD6C3A-F1A0-47A3-87B2-85CA52D2A62D}.Debug|Any CPU.Build.0 = Debug|Any CPU
		{96AD6C3A-F1A0-47A3-87B2-85CA52D2A62D}.Release|Any CPU.ActiveCfg = Release|Any CPU
		{96AD6C3A-F1A0-47A3-87B2-85CA52D2A62D}.Release|Any CPU.Build.0 = Release|Any CPU
	EndGlobalSection
	GlobalSection(SolutionProperties) = preSolution
		HideSolutionNode = FALSE
	EndGlobalSection
	GlobalSection(ExtensibilityGlobals) = postSolution
		SolutionGuid = {7094D3CF-1A4C-45F8-8388-359AF72565EB}
	EndGlobalSection
EndGlobal
