
Microsoft Visual Studio Solution File, Format Version 12.00
# Visual Studio Version 16
VisualStudioVersion = 16.0.30320.27
MinimumVisualStudioVersion = 10.0.40219.1
Project("{FAE04EC0-301F-11D3-BF4B-00C04F79EFBC}") = "ConStringAssignment", "ConStringAssignment.csproj", "{670E08A5-6F8B-412D-918C-D9C906DCAC02}"
EndProject
Global
	GlobalSection(SolutionConfigurationPlatforms) = preSolution
		Debug|Any CPU = Debug|Any CPU
		Release|Any CPU = Release|Any CPU
	EndGlobalSection
	GlobalSection(ProjectConfigurationPlatforms) = postSolution
		{670E08A5-6F8B-412D-918C-D9C906DCAC02}.Debug|Any CPU.ActiveCfg = Debug|Any CPU
		{670E08A5-6F8B-412D-918C-D9C906DCAC02}.Debug|Any CPU.Build.0 = Debug|Any CPU
		{670E08A5-6F8B-412D-918C-D9C906DCAC02}.Release|Any CPU.ActiveCfg = Release|Any CPU
		{670E08A5-6F8B-412D-918C-D9C906DCAC02}.Release|Any CPU.Build.0 = Release|Any CPU
	EndGlobalSection
	GlobalSection(SolutionProperties) = preSolution
		HideSolutionNode = FALSE
	EndGlobalSection
	GlobalSection(ExtensibilityGlobals) = postSolution
		SolutionGuid = {28FB5C02-AC3A-4672-ABAA-42D2C61EB632}
	EndGlobalSection
EndGlobal
