
Microsoft Visual Studio Solution File, Format Version 12.00
# Visual Studio Version 16
VisualStudioVersion = 16.0.30320.27
MinimumVisualStudioVersion = 10.0.40219.1
Project("{FAE04EC0-301F-11D3-BF4B-00C04F79EFBC}") = "ConsoleAnimal", "ConsoleAnimal.csproj", "{994C15EB-9C78-4C22-BB8D-BE8DEAF84D60}"
EndProject
Global
	GlobalSection(SolutionConfigurationPlatforms) = preSolution
		Debug|Any CPU = Debug|Any CPU
		Release|Any CPU = Release|Any CPU
	EndGlobalSection
	GlobalSection(ProjectConfigurationPlatforms) = postSolution
		{994C15EB-9C78-4C22-BB8D-BE8DEAF84D60}.Debug|Any CPU.ActiveCfg = Debug|Any CPU
		{994C15EB-9C78-4C22-BB8D-BE8DEAF84D60}.Debug|Any CPU.Build.0 = Debug|Any CPU
		{994C15EB-9C78-4C22-BB8D-BE8DEAF84D60}.Release|Any CPU.ActiveCfg = Release|Any CPU
		{994C15EB-9C78-4C22-BB8D-BE8DEAF84D60}.Release|Any CPU.Build.0 = Release|Any CPU
	EndGlobalSection
	GlobalSection(SolutionProperties) = preSolution
		HideSolutionNode = FALSE
	EndGlobalSection
	GlobalSection(ExtensibilityGlobals) = postSolution
		SolutionGuid = {27C63A30-8D14-417D-9465-241E293EC239}
	EndGlobalSection
EndGlobal
